# THIS IS AN AUTOGENERATED FILE. DO NOT EDIT THIS FILE DIRECTLY.
# yarn lockfile v1


p5@^1.2.0:
  version "1.2.0"
  resolved "https://registry.yarnpkg.com/p5/-/p5-1.2.0.tgz#8495f926494bde7408b77701f0f30703f9c8a6c7"
  integrity sha512-om9CSZXjw+BdC/u474nUtrVXAqeSRHNBDteDpIhQqgypziE+hh9BUc/YNl3RT5rX3kNtQlLes2S2sRqFU+S+JA==
